{
  "name": "com.konterbont.boxentaesch",
  "version": "0.8.2",
  "lockfileVersion": 1,
  "dependencies": {
    "cordova-ios-plugin-no-export-compliance": {
      "version": "0.0.5",
      "resolved": "https://registry.npmjs.org/cordova-ios-plugin-no-export-compliance/-/cordova-ios-plugin-no-export-compliance-0.0.5.tgz",
      "integrity": "sha512-oHa+SmsMJ4xo4uOgXoQHa7hE0C+I/MSYNxNQYXktVTx8czMpXqV5OnZbTUE/kA4qM/l7XDdxRPeVL8SxIPmA7A=="
    },
    "cordova-plugin-ios-no-export-compliance": {
      "version": "0.0.1-security",
      "resolved": "https://registry.npmjs.org/cordova-plugin-ios-no-export-compliance/-/cordova-plugin-ios-no-export-compliance-0.0.1-security.tgz",
      "integrity": "sha1-Wahcc4RC5aXDV482YbsnMpLfwbk="
    },
    "cordova-plugin-market": {
      "version": "1.2.0",
      "resolved": "https://registry.npmjs.org/cordova-plugin-market/-/cordova-plugin-market-1.2.0.tgz",
      "integrity": "sha1-YeNkKBR+lUAsZOr4bjFzeP/bJ08="
    }
  }
}
